// !$*UTF8*$!
{
	archiveVersion = 1;
	classes = {
	};
	objectVersion = 46;
	objects = {

/* Begin PBXBuildFile section */
		23598F761DC893FB00036D25 /* NavigationViewController.m in Sources */ = {isa = PBXBuildFile; fileRef = 23598F751DC893FB00036D25 /* NavigationViewController.m */; };
		235B47861DC9832200BB4011 /* WYCTabBarViewController.m in Sources */ = {isa = PBXBuildFile; fileRef = 235B47851DC9832200BB4011 /* WYCTabBarViewController.m */; };
		235B47891DC987CB00BB4011 /* leftDrawerViewController.m in Sources */ = {isa = PBXBuildFile; fileRef = 235B47881DC987CB00BB4011 /* leftDrawerViewController.m */; };
		235B478B1DC987D700BB4011 /* leftDrawerViewController.storyboard in Resources */ = {isa = PBXBuildFile; fileRef = 235B478A1DC987D700BB4011 /* leftDrawerViewController.storyboard */; };
		235B47901DC997CA00BB4011 /* WYCBlurtView.m in Sources */ = {isa = PBXBuildFile; fileRef = 235B478F1DC997CA00BB4011 /* WYCBlurtView.m */; };
		2370EB771DC9D37A007F0F37 /* UIImage+ImageEffects.m in Sources */ = {isa = PBXBuildFile; fileRef = 2370EB741DC9D37A007F0F37 /* UIImage+ImageEffects.m */; };
		2370EB781DC9D37A007F0F37 /* UIImageView+LBBlurredImage.m in Sources */ = {isa = PBXBuildFile; fileRef = 2370EB761DC9D37A007F0F37 /* UIImageView+LBBlurredImage.m */; };
		2370EB7F1DC9E8AE007F0F37 /* RightTableViewCell.m in Sources */ = {isa = PBXBuildFile; fileRef = 2370EB7E1DC9E8AE007F0F37 /* RightTableViewCell.m */; };
		2374F23E1DC83375008544A4 /* main.m in Sources */ = {isa = PBXBuildFile; fileRef = 2374F23D1DC83375008544A4 /* main.m */; };
		2374F2411DC83375008544A4 /* AppDelegate.m in Sources */ = {isa = PBXBuildFile; fileRef = 2374F2401DC83375008544A4 /* AppDelegate.m */; };
		2374F24C1DC83375008544A4 /* LaunchScreen.storyboard in Resources */ = {isa = PBXBuildFile; fileRef = 2374F24A1DC83375008544A4 /* LaunchScreen.storyboard */; };
		2374F2571DC83375008544A4 /* luluTests.m in Sources */ = {isa = PBXBuildFile; fileRef = 2374F2561DC83375008544A4 /* luluTests.m */; };
		2374F2621DC83375008544A4 /* luluUITests.m in Sources */ = {isa = PBXBuildFile; fileRef = 2374F2611DC83375008544A4 /* luluUITests.m */; };
		2374F2701DC83448008544A4 /* Assets.xcassets in Resources */ = {isa = PBXBuildFile; fileRef = 2374F26F1DC83448008544A4 /* Assets.xcassets */; };
		2374F2771DC83890008544A4 /* CenterViewController.m in Sources */ = {isa = PBXBuildFile; fileRef = 2374F2761DC83890008544A4 /* CenterViewController.m */; };
		2374F2791DC8389C008544A4 /* CenterViewController.storyboard in Resources */ = {isa = PBXBuildFile; fileRef = 2374F2781DC8389C008544A4 /* CenterViewController.storyboard */; };
		2374F27C1DC838B6008544A4 /* LeftViewController.m in Sources */ = {isa = PBXBuildFile; fileRef = 2374F27B1DC838B6008544A4 /* LeftViewController.m */; };
		2374F27E1DC838C0008544A4 /* LeftViewController.storyboard in Resources */ = {isa = PBXBuildFile; fileRef = 2374F27D1DC838C0008544A4 /* LeftViewController.storyboard */; };
		2374F2811DC838D8008544A4 /* RightViewController.m in Sources */ = {isa = PBXBuildFile; fileRef = 2374F2801DC838D8008544A4 /* RightViewController.m */; };
		2374F2831DC838E2008544A4 /* RightViewController.storyboard in Resources */ = {isa = PBXBuildFile; fileRef = 2374F2821DC838E2008544A4 /* RightViewController.storyboard */; };
		D83D4433139AAB47712AD185 /* libPods-lulu.a in Frameworks */ = {isa = PBXBuildFile; fileRef = 47839364E2CE466C5D4502CE /* libPods-lulu.a */; };
/* End PBXBuildFile section */

/* Begin PBXContainerItemProxy section */
		2374F2531DC83375008544A4 /* PBXContainerItemProxy */ = {
			isa = PBXContainerItemProxy;
			containerPortal = 2374F2311DC83374008544A4 /* Project object */;
			proxyType = 1;
			remoteGlobalIDString = 2374F2381DC83374008544A4;
			remoteInfo = lulu;
		};
		2374F25E1DC83375008544A4 /* PBXContainerItemProxy */ = {
			isa = PBXContainerItemProxy;
			containerPortal = 2374F2311DC83374008544A4 /* Project object */;
			proxyType = 1;
			remoteGlobalIDString = 2374F2381DC83374008544A4;
			remoteInfo = lulu;
		};
/* End PBXContainerItemProxy section */

/* Begin PBXFileReference section */
		23598F741DC893FB00036D25 /* NavigationViewController.h */ = {isa = PBXFileReference; fileEncoding = 4; lastKnownFileType = sourcecode.c.h; path = NavigationViewController.h; sourceTree = "<group>"; };
		23598F751DC893FB00036D25 /* NavigationViewController.m */ = {isa = PBXFileReference; fileEncoding = 4; lastKnownFileType = sourcecode.c.objc; path = NavigationViewController.m; sourceTree = "<group>"; };
		235B47841DC9832200BB4011 /* WYCTabBarViewController.h */ = {isa = PBXFileReference; fileEncoding = 4; lastKnownFileType = sourcecode.c.h; path = WYCTabBarViewController.h; sourceTree = "<group>"; };
		235B47851DC9832200BB4011 /* WYCTabBarViewController.m */ = {isa = PBXFileReference; fileEncoding = 4; lastKnownFileType = sourcecode.c.objc; path = WYCTabBarViewController.m; sourceTree = "<group>"; };
		235B47871DC987CB00BB4011 /* leftDrawerViewController.h */ = {isa = PBXFileReference; fileEncoding = 4; lastKnownFileType = sourcecode.c.h; path = leftDrawerViewController.h; sourceTree = "<group>"; };
		235B47881DC987CB00BB4011 /* leftDrawerViewController.m */ = {isa = PBXFileReference; fileEncoding = 4; lastKnownFileType = sourcecode.c.objc; path = leftDrawerViewController.m; sourceTree = "<group>"; };
		235B478A1DC987D700BB4011 /* leftDrawerViewController.storyboard */ = {isa = PBXFileReference; fileEncoding = 4; lastKnownFileType = file.storyboard; path = leftDrawerViewController.storyboard; sourceTree = "<group>"; };
		235B478E1DC997CA00BB4011 /* WYCBlurtView.h */ = {isa = PBXFileReference; fileEncoding = 4; lastKnownFileType = sourcecode.c.h; name = WYCBlurtView.h; path = ../../../../../../customerJob/TotalTest/TotalTest/TotalTest/TotalTest/WYCBlurtView.h; sourceTree = "<group>"; };
		235B478F1DC997CA00BB4011 /* WYCBlurtView.m */ = {isa = PBXFileReference; fileEncoding = 4; lastKnownFileType = sourcecode.c.objc; name = WYCBlurtView.m; path = ../../../../../../customerJob/TotalTest/TotalTest/TotalTest/TotalTest/WYCBlurtView.m; sourceTree = "<group>"; };
		2370EB731DC9D37A007F0F37 /* UIImage+ImageEffects.h */ = {isa = PBXFileReference; fileEncoding = 4; lastKnownFileType = sourcecode.c.h; path = "UIImage+ImageEffects.h"; sourceTree = "<group>"; };
		2370EB741DC9D37A007F0F37 /* UIImage+ImageEffects.m */ = {isa = PBXFileReference; fileEncoding = 4; lastKnownFileType = sourcecode.c.objc; path = "UIImage+ImageEffects.m"; sourceTree = "<group>"; };
		2370EB751DC9D37A007F0F37 /* UIImageView+LBBlurredImage.h */ = {isa = PBXFileReference; fileEncoding = 4; lastKnownFileType = sourcecode.c.h; path = "UIImageView+LBBlurredImage.h"; sourceTree = "<group>"; };
		2370EB761DC9D37A007F0F37 /* UIImageView+LBBlurredImage.m */ = {isa = PBXFileReference; fileEncoding = 4; lastKnownFileType = sourcecode.c.objc; path = "UIImageView+LBBlurredImage.m"; sourceTree = "<group>"; };
		2370EB7D1DC9E8AE007F0F37 /* RightTableViewCell.h */ = {isa = PBXFileReference; fileEncoding = 4; lastKnownFileType = sourcecode.c.h; path = RightTableViewCell.h; sourceTree = "<group>"; };
		2370EB7E1DC9E8AE007F0F37 /* RightTableViewCell.m */ = {isa = PBXFileReference; fileEncoding = 4; lastKnownFileType = sourcecode.c.objc; path = RightTableViewCell.m; sourceTree = "<group>"; };
		2374F2391DC83375008544A4 /* lulu.app */ = {isa = PBXFileReference; explicitFileType = wrapper.application; includeInIndex = 0; path = lulu.app; sourceTree = BUILT_PRODUCTS_DIR; };
		2374F23D1DC83375008544A4 /* main.m */ = {isa = PBXFileReference; lastKnownFileType = sourcecode.c.objc; path = main.m; sourceTree = "<group>"; };
		2374F23F1DC83375008544A4 /* AppDelegate.h */ = {isa = PBXFileReference; lastKnownFileType = sourcecode.c.h; path = AppDelegate.h; sourceTree = "<group>"; };
		2374F2401DC83375008544A4 /* AppDelegate.m */ = {isa = PBXFileReference; lastKnownFileType = sourcecode.c.objc; path = AppDelegate.m; sourceTree = "<group>"; };
		2374F24B1DC83375008544A4 /* Base */ = {isa = PBXFileReference; lastKnownFileType = file.storyboard; name = Base; path = Base.lproj/LaunchScreen.storyboard; sourceTree = "<group>"; };
		2374F24D1DC83375008544A4 /* Info.plist */ = {isa = PBXFileReference; lastKnownFileType = text.plist.xml; path = Info.plist; sourceTree = "<group>"; };
		2374F2521DC83375008544A4 /* luluTests.xctest */ = {isa = PBXFileReference; explicitFileType = wrapper.cfbundle; includeInIndex = 0; path = luluTests.xctest; sourceTree = BUILT_PRODUCTS_DIR; };
		2374F2561DC83375008544A4 /* luluTests.m */ = {isa = PBXFileReference; lastKnownFileType = sourcecode.c.objc; path = luluTests.m; sourceTree = "<group>"; };
		2374F2581DC83375008544A4 /* Info.plist */ = {isa = PBXFileReference; lastKnownFileType = text.plist.xml; path = Info.plist; sourceTree = "<group>"; };
		2374F25D1DC83375008544A4 /* luluUITests.xctest */ = {isa = PBXFileReference; explicitFileType = wrapper.cfbundle; includeInIndex = 0; path = luluUITests.xctest; sourceTree = BUILT_PRODUCTS_DIR; };
		2374F2611DC83375008544A4 /* luluUITests.m */ = {isa = PBXFileReference; lastKnownFileType = sourcecode.c.objc; path = luluUITests.m; sourceTree = "<group>"; };
		2374F2631DC83375008544A4 /* Info.plist */ = {isa = PBXFileReference; lastKnownFileType = text.plist.xml; path = Info.plist; sourceTree = "<group>"; };
		2374F26F1DC83448008544A4 /* Assets.xcassets */ = {isa = PBXFileReference; lastKnownFileType = folder.assetcatalog; name = Assets.xcassets; path = ../../../../.Trash/Assets.xcassets; sourceTree = "<group>"; };
		2374F2751DC83890008544A4 /* CenterViewController.h */ = {isa = PBXFileReference; fileEncoding = 4; lastKnownFileType = sourcecode.c.h; path = CenterViewController.h; sourceTree = "<group>"; };
		2374F2761DC83890008544A4 /* CenterViewController.m */ = {isa = PBXFileReference; fileEncoding = 4; lastKnownFileType = sourcecode.c.objc; path = CenterViewController.m; sourceTree = "<group>"; };
		2374F2781DC8389C008544A4 /* CenterViewController.storyboard */ = {isa = PBXFileReference; fileEncoding = 4; lastKnownFileType = file.storyboard; path = CenterViewController.storyboard; sourceTree = "<group>"; };
		2374F27A1DC838B6008544A4 /* LeftViewController.h */ = {isa = PBXFileReference; fileEncoding = 4; lastKnownFileType = sourcecode.c.h; path = LeftViewController.h; sourceTree = "<group>"; };
		2374F27B1DC838B6008544A4 /* LeftViewController.m */ = {isa = PBXFileReference; fileEncoding = 4; lastKnownFileType = sourcecode.c.objc; path = LeftViewController.m; sourceTree = "<group>"; };
		2374F27D1DC838C0008544A4 /* LeftViewController.storyboard */ = {isa = PBXFileReference; fileEncoding = 4; lastKnownFileType = file.storyboard; path = LeftViewController.storyboard; sourceTree = "<group>"; };
		2374F27F1DC838D8008544A4 /* RightViewController.h */ = {isa = PBXFileReference; fileEncoding = 4; lastKnownFileType = sourcecode.c.h; path = RightViewController.h; sourceTree = "<group>"; };
		2374F2801DC838D8008544A4 /* RightViewController.m */ = {isa = PBXFileReference; fileEncoding = 4; lastKnownFileType = sourcecode.c.objc; path = RightViewController.m; sourceTree = "<group>"; };
		2374F2821DC838E2008544A4 /* RightViewController.storyboard */ = {isa = PBXFileReference; fileEncoding = 4; lastKnownFileType = file.storyboard; path = RightViewController.storyboard; sourceTree = "<group>"; };
		4071C0EACCA18DEDB59E6514 /* Pods-lulu.release.xcconfig */ = {isa = PBXFileReference; includeInIndex = 1; lastKnownFileType = text.xcconfig; name = "Pods-lulu.release.xcconfig"; path = "Pods/Target Support Files/Pods-lulu/Pods-lulu.release.xcconfig"; sourceTree = "<group>"; };
		47839364E2CE466C5D4502CE /* libPods-lulu.a */ = {isa = PBXFileReference; explicitFileType = archive.ar; includeInIndex = 0; path = "libPods-lulu.a"; sourceTree = BUILT_PRODUCTS_DIR; };
		71000BC8B7852A64C0487A4C /* Pods-lulu.debug.xcconfig */ = {isa = PBXFileReference; includeInIndex = 1; lastKnownFileType = text.xcconfig; name = "Pods-lulu.debug.xcconfig"; path = "Pods/Target Support Files/Pods-lulu/Pods-lulu.debug.xcconfig"; sourceTree = "<group>"; };
/* End PBXFileReference section */

/* Begin PBXFrameworksBuildPhase section */
		2374F2361DC83374008544A4 /* Frameworks */ = {
			isa = PBXFrameworksBuildPhase;
			buildActionMask = 2147483647;
			files = (
				D83D4433139AAB47712AD185 /* libPods-lulu.a in Frameworks */,
			);
			runOnlyForDeploymentPostprocessing = 0;
		};
		2374F24F1DC83375008544A4 /* Frameworks */ = {
			isa = PBXFrameworksBuildPhase;
			buildActionMask = 2147483647;
			files = (
			);
			runOnlyForDeploymentPostprocessing = 0;
		};
		2374F25A1DC83375008544A4 /* Frameworks */ = {
			isa = PBXFrameworksBuildPhase;
			buildActionMask = 2147483647;
			files = (
			);
			runOnlyForDeploymentPostprocessing = 0;
		};
/* End PBXFrameworksBuildPhase section */

/* Begin PBXGroup section */
		1F7502D9B8D6197A99428F0C /* Pods */ = {
			isa = PBXGroup;
			children = (
				71000BC8B7852A64C0487A4C /* Pods-lulu.debug.xcconfig */,
				4071C0EACCA18DEDB59E6514 /* Pods-lulu.release.xcconfig */,
			);
			name = Pods;
			sourceTree = "<group>";
		};
		235B478C1DC994EE00BB4011 /* lib */ = {
			isa = PBXGroup;
			children = (
			);
			path = lib;
			sourceTree = "<group>";
		};
		235B478D1DC997C200BB4011 /* Head */ = {
			isa = PBXGroup;
			children = (
				2370EB721DC9D37A007F0F37 /* lib */,
				235B478E1DC997CA00BB4011 /* WYCBlurtView.h */,
				235B478F1DC997CA00BB4011 /* WYCBlurtView.m */,
			);
			path = Head;
			sourceTree = "<group>";
		};
		2370EB721DC9D37A007F0F37 /* lib */ = {
			isa = PBXGroup;
			children = (
				2370EB731DC9D37A007F0F37 /* UIImage+ImageEffects.h */,
				2370EB741DC9D37A007F0F37 /* UIImage+ImageEffects.m */,
				2370EB751DC9D37A007F0F37 /* UIImageView+LBBlurredImage.h */,
				2370EB761DC9D37A007F0F37 /* UIImageView+LBBlurredImage.m */,
			);
			path = lib;
			sourceTree = "<group>";
		};
		2370EB791DC9E87C007F0F37 /* tableView */ = {
			isa = PBXGroup;
			children = (
				2370EB7D1DC9E8AE007F0F37 /* RightTableViewCell.h */,
				2370EB7E1DC9E8AE007F0F37 /* RightTableViewCell.m */,
			);
			path = tableView;
			sourceTree = "<group>";
		};
		2374F2301DC83374008544A4 = {
			isa = PBXGroup;
			children = (
				2374F23B1DC83375008544A4 /* lulu */,
				2374F2551DC83375008544A4 /* luluTests */,
				2374F2601DC83375008544A4 /* luluUITests */,
				2374F23A1DC83375008544A4 /* Products */,
				1F7502D9B8D6197A99428F0C /* Pods */,
				A1FE55AC3E5C8997777DCC6C /* Frameworks */,
			);
			sourceTree = "<group>";
		};
		2374F23A1DC83375008544A4 /* Products */ = {
			isa = PBXGroup;
			children = (
				2374F2391DC83375008544A4 /* lulu.app */,
				2374F2521DC83375008544A4 /* luluTests.xctest */,
				2374F25D1DC83375008544A4 /* luluUITests.xctest */,
			);
			name = Products;
			sourceTree = "<group>";
		};
		2374F23B1DC83375008544A4 /* lulu */ = {
			isa = PBXGroup;
			children = (
				235B478C1DC994EE00BB4011 /* lib */,
				2374F2711DC8381C008544A4 /* Center */,
				2374F2721DC8381C008544A4 /* Left */,
				2374F2731DC8381C008544A4 /* Nav */,
				2374F2741DC8381C008544A4 /* Right */,
				2374F23F1DC83375008544A4 /* AppDelegate.h */,
				2374F2401DC83375008544A4 /* AppDelegate.m */,
				2374F24A1DC83375008544A4 /* LaunchScreen.storyboard */,
				2374F24D1DC83375008544A4 /* Info.plist */,
				2374F23C1DC83375008544A4 /* Supporting Files */,
			);
			path = lulu;
			sourceTree = "<group>";
		};
		2374F23C1DC83375008544A4 /* Supporting Files */ = {
			isa = PBXGroup;
			children = (
				2374F26F1DC83448008544A4 /* Assets.xcassets */,
				2374F23D1DC83375008544A4 /* main.m */,
			);
			name = "Supporting Files";
			sourceTree = "<group>";
		};
		2374F2551DC83375008544A4 /* luluTests */ = {
			isa = PBXGroup;
			children = (
				2374F2561DC83375008544A4 /* luluTests.m */,
				2374F2581DC83375008544A4 /* Info.plist */,
			);
			path = luluTests;
			sourceTree = "<group>";
		};
		2374F2601DC83375008544A4 /* luluUITests */ = {
			isa = PBXGroup;
			children = (
				2374F2611DC83375008544A4 /* luluUITests.m */,
				2374F2631DC83375008544A4 /* Info.plist */,
			);
			path = luluUITests;
			sourceTree = "<group>";
		};
		2374F2711DC8381C008544A4 /* Center */ = {
			isa = PBXGroup;
			children = (
				2374F2751DC83890008544A4 /* CenterViewController.h */,
				2374F2761DC83890008544A4 /* CenterViewController.m */,
				2374F2781DC8389C008544A4 /* CenterViewController.storyboard */,
			);
			path = Center;
			sourceTree = "<group>";
		};
		2374F2721DC8381C008544A4 /* Left */ = {
			isa = PBXGroup;
			children = (
				2374F27A1DC838B6008544A4 /* LeftViewController.h */,
				2374F27B1DC838B6008544A4 /* LeftViewController.m */,
				2374F27D1DC838C0008544A4 /* LeftViewController.storyboard */,
			);
			path = Left;
			sourceTree = "<group>";
		};
		2374F2731DC8381C008544A4 /* Nav */ = {
			isa = PBXGroup;
			children = (
				23598F741DC893FB00036D25 /* NavigationViewController.h */,
				23598F751DC893FB00036D25 /* NavigationViewController.m */,
				235B47841DC9832200BB4011 /* WYCTabBarViewController.h */,
				235B47851DC9832200BB4011 /* WYCTabBarViewController.m */,
				235B47871DC987CB00BB4011 /* leftDrawerViewController.h */,
				235B47881DC987CB00BB4011 /* leftDrawerViewController.m */,
				235B478A1DC987D700BB4011 /* leftDrawerViewController.storyboard */,
			);
			path = Nav;
			sourceTree = "<group>";
		};
		2374F2741DC8381C008544A4 /* Right */ = {
			isa = PBXGroup;
			children = (
				235B478D1DC997C200BB4011 /* Head */,
				2374F27F1DC838D8008544A4 /* RightViewController.h */,
				2374F2801DC838D8008544A4 /* RightViewController.m */,
				2374F2821DC838E2008544A4 /* RightViewController.storyboard */,
				2370EB791DC9E87C007F0F37 /* tableView */,
			);
			path = Right;
			sourceTree = "<group>";
		};
		A1FE55AC3E5C8997777DCC6C /* Frameworks */ = {
			isa = PBXGroup;
			children = (
				47839364E2CE466C5D4502CE /* libPods-lulu.a */,
			);
			name = Frameworks;
			sourceTree = "<group>";
		};
/* End PBXGroup section */

/* Begin PBXNativeTarget section */
		2374F2381DC83374008544A4 /* lulu */ = {
			isa = PBXNativeTarget;
			buildConfigurationList = 2374F2661DC83375008544A4 /* Build configuration list for PBXNativeTarget "lulu" */;
			buildPhases = (
				867C7B8FD7EA4DB81BC17DCA /* [CP] Check Pods Manifest.lock */,
				2374F2351DC83374008544A4 /* Sources */,
				2374F2361DC83374008544A4 /* Frameworks */,
				2374F2371DC83374008544A4 /* Resources */,
				6BD7761A2EC0C3CD02B0F38D /* [CP] Embed Pods Frameworks */,
				3115C972F6A8A86E48BF52EC /* [CP] Copy Pods Resources */,
			);
			buildRules = (
			);
			dependencies = (
			);
			name = lulu;
			productName = lulu;
			productReference = 2374F2391DC83375008544A4 /* lulu.app */;
			productType = "com.apple.product-type.application";
		};
		2374F2511DC83375008544A4 /* luluTests */ = {
			isa = PBXNativeTarget;
			buildConfigurationList = 2374F2691DC83375008544A4 /* Build configuration list for PBXNativeTarget "luluTests" */;
			buildPhases = (
				2374F24E1DC83375008544A4 /* Sources */,
				2374F24F1DC83375008544A4 /* Frameworks */,
				2374F2501DC83375008544A4 /* Resources */,
			);
			buildRules = (
			);
			dependencies = (
				2374F2541DC83375008544A4 /* PBXTargetDependency */,
			);
			name = luluTests;
			productName = luluTests;
			productReference = 2374F2521DC83375008544A4 /* luluTests.xctest */;
			productType = "com.apple.product-type.bundle.unit-test";
		};
		2374F25C1DC83375008544A4 /* luluUITests */ = {
			isa = PBXNativeTarget;
			buildConfigurationList = 2374F26C1DC83375008544A4 /* Build configuration list for PBXNativeTarget "luluUITests" */;
			buildPhases = (
				2374F2591DC83375008544A4 /* Sources */,
				2374F25A1DC83375008544A4 /* Frameworks */,
				2374F25B1DC83375008544A4 /* Resources */,
			);
			buildRules = (
			);
			dependencies = (
				2374F25F1DC83375008544A4 /* PBXTargetDependency */,
			);
			name = luluUITests;
			productName = luluUITests;
			productReference = 2374F25D1DC83375008544A4 /* luluUITests.xctest */;
			productType = "com.apple.product-type.bundle.ui-testing";
		};
/* End PBXNativeTarget section */

/* Begin PBXProject section */
		2374F2311DC83374008544A4 /* Project object */ = {
			isa = PBXProject;
			attributes = {
				LastUpgradeCheck = 0800;
				ORGANIZATIONNAME = wei63w;
				TargetAttributes = {
					2374F2381DC83374008544A4 = {
						CreatedOnToolsVersion = 8.0;
						DevelopmentTeam = 358B5J757A;
						ProvisioningStyle = Automatic;
					};
					2374F2511DC83375008544A4 = {
						CreatedOnToolsVersion = 8.0;
						DevelopmentTeam = HV5ET565XY;
						ProvisioningStyle = Automatic;
						TestTargetID = 2374F2381DC83374008544A4;
					};
					2374F25C1DC83375008544A4 = {
						CreatedOnToolsVersion = 8.0;
						DevelopmentTeam = HV5ET565XY;
						ProvisioningStyle = Automatic;
						TestTargetID = 2374F2381DC83374008544A4;
					};
				};
			};
			buildConfigurationList = 2374F2341DC83374008544A4 /* Build configuration list for PBXProject "lulu" */;
			compatibilityVersion = "Xcode 3.2";
			developmentRegion = English;
			hasScannedForEncodings = 0;
			knownRegions = (
				en,
				Base,
			);
			mainGroup = 2374F2301DC83374008544A4;
			productRefGroup = 2374F23A1DC83375008544A4 /* Products */;
			projectDirPath = "";
			projectRoot = "";
			targets = (
				2374F2381DC83374008544A4 /* lulu */,
				2374F2511DC83375008544A4 /* luluTests */,
				2374F25C1DC83375008544A4 /* luluUITests */,
			);
		};
/* End PBXProject section */

/* Begin PBXResourcesBuildPhase section */
		2374F2371DC83374008544A4 /* Resources */ = {
			isa = PBXResourcesBuildPhase;
			buildActionMask = 2147483647;
			files = (
				2374F24C1DC83375008544A4 /* LaunchScreen.storyboard in Resources */,
				235B478B1DC987D700BB4011 /* leftDrawerViewController.storyboard in Resources */,
				2374F2701DC83448008544A4 /* Assets.xcassets in Resources */,
				2374F27E1DC838C0008544A4 /* LeftViewController.storyboard in Resources */,
				2374F2791DC8389C008544A4 /* CenterViewController.storyboard in Resources */,
				2374F2831DC838E2008544A4 /* RightViewController.storyboard in Resources */,
			);
			runOnlyForDeploymentPostprocessing = 0;
		};
		2374F2501DC83375008544A4 /* Resources */ = {
			isa = PBXResourcesBuildPhase;
			buildActionMask = 2147483647;
			files = (
			);
			runOnlyForDeploymentPostprocessing = 0;
		};
		2374F25B1DC83375008544A4 /* Resources */ = {
			isa = PBXResourcesBuildPhase;
			buildActionMask = 2147483647;
			files = (
			);
			runOnlyForDeploymentPostprocessing = 0;
		};
/* End PBXResourcesBuildPhase section */

/* Begin PBXShellScriptBuildPhase section */
		3115C972F6A8A86E48BF52EC /* [CP] Copy Pods Resources */ = {
			isa = PBXShellScriptBuildPhase;
			buildActionMask = 2147483647;
			files = (
			);
			inputPaths = (
			);
			name = "[CP] Copy Pods Resources";
			outputPaths = (
			);
			runOnlyForDeploymentPostprocessing = 0;
			shellPath = /bin/sh;
			shellScript = "\"${SRCROOT}/Pods/Target Support Files/Pods-lulu/Pods-lulu-resources.sh\"\n";
			showEnvVarsInLog = 0;
		};
		6BD7761A2EC0C3CD02B0F38D /* [CP] Embed Pods Frameworks */ = {
			isa = PBXShellScriptBuildPhase;
			buildActionMask = 2147483647;
			files = (
			);
			inputPaths = (
			);
			name = "[CP] Embed Pods Frameworks";
			outputPaths = (
			);
			runOnlyForDeploymentPostprocessing = 0;
			shellPath = /bin/sh;
			shellScript = "\"${SRCROOT}/Pods/Target Support Files/Pods-lulu/Pods-lulu-frameworks.sh\"\n";
			showEnvVarsInLog = 0;
		};
		867C7B8FD7EA4DB81BC17DCA /* [CP] Check Pods Manifest.lock */ = {
			isa = PBXShellScriptBuildPhase;
			buildActionMask = 2147483647;
			files = (
			);
			inputPaths = (
			);
			name = "[CP] Check Pods Manifest.lock";
			outputPaths = (
			);
			runOnlyForDeploymentPostprocessing = 0;
			shellPath = /bin/sh;
			shellScript = "diff \"${PODS_ROOT}/../Podfile.lock\" \"${PODS_ROOT}/Manifest.lock\" > /dev/null\nif [ $? != 0 ] ; then\n    # print error to STDERR\n    echo \"error: The sandbox is not in sync with the Podfile.lock. Run 'pod install' or update your CocoaPods installation.\" >&2\n    exit 1\nfi\n";
			showEnvVarsInLog = 0;
		};
/* End PBXShellScriptBuildPhase section */

/* Begin PBXSourcesBuildPhase section */
		2374F2351DC83374008544A4 /* Sources */ = {
			isa = PBXSourcesBuildPhase;
			buildActionMask = 2147483647;
			files = (
				2370EB7F1DC9E8AE007F0F37 /* RightTableViewCell.m in Sources */,
				2374F27C1DC838B6008544A4 /* LeftViewController.m in Sources */,
				2370EB781DC9D37A007F0F37 /* UIImageView+LBBlurredImage.m in Sources */,
				2374F2771DC83890008544A4 /* CenterViewController.m in Sources */,
				235B47861DC9832200BB4011 /* WYCTabBarViewController.m in Sources */,
				235B47901DC997CA00BB4011 /* WYCBlurtView.m in Sources */,
				23598F761DC893FB00036D25 /* NavigationViewController.m in Sources */,
				235B47891DC987CB00BB4011 /* leftDrawerViewController.m in Sources */,
				2370EB771DC9D37A007F0F37 /* UIImage+ImageEffects.m in Sources */,
				2374F2411DC83375008544A4 /* AppDelegate.m in Sources */,
				2374F23E1DC83375008544A4 /* main.m in Sources */,
				2374F2811DC838D8008544A4 /* RightViewController.m in Sources */,
			);
			runOnlyForDeploymentPostprocessing = 0;
		};
		2374F24E1DC83375008544A4 /* Sources */ = {
			isa = PBXSourcesBuildPhase;
			buildActionMask = 2147483647;
			files = (
				2374F2571DC83375008544A4 /* luluTests.m in Sources */,
			);
			runOnlyForDeploymentPostprocessing = 0;
		};
		2374F2591DC83375008544A4 /* Sources */ = {
			isa = PBXSourcesBuildPhase;
			buildActionMask = 2147483647;
			files = (
				2374F2621DC83375008544A4 /* luluUITests.m in Sources */,
			);
			runOnlyForDeploymentPostprocessing = 0;
		};
/* End PBXSourcesBuildPhase section */

/* Begin PBXTargetDependency section */
		2374F2541DC83375008544A4 /* PBXTargetDependency */ = {
			isa = PBXTargetDependency;
			target = 2374F2381DC83374008544A4 /* lulu */;
			targetProxy = 2374F2531DC83375008544A4 /* PBXContainerItemProxy */;
		};
		2374F25F1DC83375008544A4 /* PBXTargetDependency */ = {
			isa = PBXTargetDependency;
			target = 2374F2381DC83374008544A4 /* lulu */;
			targetProxy = 2374F25E1DC83375008544A4 /* PBXContainerItemProxy */;
		};
/* End PBXTargetDependency section */

/* Begin PBXVariantGroup section */
		2374F24A1DC83375008544A4 /* LaunchScreen.storyboard */ = {
			isa = PBXVariantGroup;
			children = (
				2374F24B1DC83375008544A4 /* Base */,
			);
			name = LaunchScreen.storyboard;
			sourceTree = "<group>";
		};
/* End PBXVariantGroup section */

/* Begin XCBuildConfiguration section */
		2374F2641DC83375008544A4 /* Debug */ = {
			isa = XCBuildConfiguration;
			buildSettings = {
				ALWAYS_SEARCH_USER_PATHS = NO;
				CLANG_ANALYZER_NONNULL = YES;
				CLANG_CXX_LANGUAGE_STANDARD = "gnu++0x";
				CLANG_CXX_LIBRARY = "libc++";
				CLANG_ENABLE_MODULES = YES;
				CLANG_ENABLE_OBJC_ARC = YES;
				CLANG_WARN_BOOL_CONVERSION = YES;
				CLANG_WARN_CONSTANT_CONVERSION = YES;
				CLANG_WARN_DIRECT_OBJC_ISA_USAGE = YES_ERROR;
				CLANG_WARN_DOCUMENTATION_COMMENTS = YES;
				CLANG_WARN_EMPTY_BODY = YES;
				CLANG_WARN_ENUM_CONVERSION = YES;
				CLANG_WARN_INFINITE_RECURSION = YES;
				CLANG_WARN_INT_CONVERSION = YES;
				CLANG_WARN_OBJC_ROOT_CLASS = YES_ERROR;
				CLANG_WARN_SUSPICIOUS_MOVES = YES;
				CLANG_WARN_UNREACHABLE_CODE = YES;
				CLANG_WARN__DUPLICATE_METHOD_MATCH = YES;
				"CODE_SIGN_IDENTITY[sdk=iphoneos*]" = "iPhone Developer";
				COPY_PHASE_STRIP = NO;
				DEBUG_INFORMATION_FORMAT = dwarf;
				ENABLE_STRICT_OBJC_MSGSEND = YES;
				ENABLE_TESTABILITY = YES;
				GCC_C_LANGUAGE_STANDARD = gnu99;
				GCC_DYNAMIC_NO_PIC = NO;
				GCC_NO_COMMON_BLOCKS = YES;
				GCC_OPTIMIZATION_LEVEL = 0;
				GCC_PREPROCESSOR_DEFINITIONS = (
					"DEBUG=1",
					"$(inherited)",
				);
				GCC_WARN_64_TO_32_BIT_CONVERSION = YES;
				GCC_WARN_ABOUT_RETURN_TYPE = YES_ERROR;
				GCC_WARN_UNDECLARED_SELECTOR = YES;
				GCC_WARN_UNINITIALIZED_AUTOS = YES_AGGRESSIVE;
				GCC_WARN_UNUSED_FUNCTION = YES;
				GCC_WARN_UNUSED_VARIABLE = YES;
				IPHONEOS_DEPLOYMENT_TARGET = 10.0;
				MTL_ENABLE_DEBUG_INFO = YES;
				ONLY_ACTIVE_ARCH = YES;
				SDKROOT = iphoneos;
			};
			name = Debug;
		};
		2374F2651DC83375008544A4 /* Release */ = {
			isa = XCBuildConfiguration;
			buildSettings = {
				ALWAYS_SEARCH_USER_PATHS = NO;
				CLANG_ANALYZER_NONNULL = YES;
				CLANG_CXX_LANGUAGE_STANDARD = "gnu++0x";
				CLANG_CXX_LIBRARY = "libc++";
				CLANG_ENABLE_MODULES = YES;
				CLANG_ENABLE_OBJC_ARC = YES;
				CLANG_WARN_BOOL_CONVERSION = YES;
				CLANG_WARN_CONSTANT_CONVERSION = YES;
				CLANG_WARN_DIRECT_OBJC_ISA_USAGE = YES_ERROR;
				CLANG_WARN_DOCUMENTATION_COMMENTS = YES;
				CLANG_WARN_EMPTY_BODY = YES;
				CLANG_WARN_ENUM_CONVERSION = YES;
				CLANG_WARN_INFINITE_RECURSION = YES;
				CLANG_WARN_INT_CONVERSION = YES;
				CLANG_WARN_OBJC_ROOT_CLASS = YES_ERROR;
				CLANG_WARN_SUSPICIOUS_MOVES = YES;
				CLANG_WARN_UNREACHABLE_CODE = YES;
				CLANG_WARN__DUPLICATE_METHOD_MATCH = YES;
				"CODE_SIGN_IDENTITY[sdk=iphoneos*]" = "iPhone Developer";
				COPY_PHASE_STRIP = NO;
				DEBUG_INFORMATION_FORMAT = "dwarf-with-dsym";
				ENABLE_NS_ASSERTIONS = NO;
				ENABLE_STRICT_OBJC_MSGSEND = YES;
				GCC_C_LANGUAGE_STANDARD = gnu99;
				GCC_NO_COMMON_BLOCKS = YES;
				GCC_WARN_64_TO_32_BIT_CONVERSION = YES;
				GCC_WARN_ABOUT_RETURN_TYPE = YES_ERROR;
				GCC_WARN_UNDECLARED_SELECTOR = YES;
				GCC_WARN_UNINITIALIZED_AUTOS = YES_AGGRESSIVE;
				GCC_WARN_UNUSED_FUNCTION = YES;
				GCC_WARN_UNUSED_VARIABLE = YES;
				IPHONEOS_DEPLOYMENT_TARGET = 10.0;
				MTL_ENABLE_DEBUG_INFO = NO;
				SDKROOT = iphoneos;
				VALIDATE_PRODUCT = YES;
			};
			name = Release;
		};
		2374F2671DC83375008544A4 /* Debug */ = {
			isa = XCBuildConfiguration;
			baseConfigurationReference = 71000BC8B7852A64C0487A4C /* Pods-lulu.debug.xcconfig */;
			buildSettings = {
				ASSETCATALOG_COMPILER_APPICON_NAME = AppIcon;
				ASSETCATALOG_COMPILER_LAUNCHIMAGE_NAME = LaunchImage;
				DEVELOPMENT_TEAM = 358B5J757A;
				HEADER_SEARCH_PATHS = (
					"$(inherited)",
					"\"${PODS_ROOT}/Headers/Public\"",
					"\"${PODS_ROOT}/Headers/Public/PgyUpdate\"",
					"\"${PODS_ROOT}/Headers/Public/Pgyer\"",
					"$(PODS_ROOT)/**",
				);
				INFOPLIST_FILE = lulu/Info.plist;
				LD_RUNPATH_SEARCH_PATHS = "$(inherited) @executable_path/Frameworks";
				PRODUCT_BUNDLE_IDENTIFIER = ceshitestlulu;
				PRODUCT_NAME = "$(TARGET_NAME)";
			};
			name = Debug;
		};
		2374F2681DC83375008544A4 /* Release */ = {
			isa = XCBuildConfiguration;
			baseConfigurationReference = 4071C0EACCA18DEDB59E6514 /* Pods-lulu.release.xcconfig */;
			buildSettings = {
				ASSETCATALOG_COMPILER_APPICON_NAME = AppIcon;
				ASSETCATALOG_COMPILER_LAUNCHIMAGE_NAME = LaunchImage;
				DEVELOPMENT_TEAM = 358B5J757A;
				HEADER_SEARCH_PATHS = (
					"$(inherited)",
					"\"${PODS_ROOT}/Headers/Public\"",
					"\"${PODS_ROOT}/Headers/Public/PgyUpdate\"",
					"\"${PODS_ROOT}/Headers/Public/Pgyer\"",
					"$(PODS_ROOT)/**",
				);
				INFOPLIST_FILE = lulu/Info.plist;
				LD_RUNPATH_SEARCH_PATHS = "$(inherited) @executable_path/Frameworks";
				PRODUCT_BUNDLE_IDENTIFIER = ceshitestlulu;
				PRODUCT_NAME = "$(TARGET_NAME)";
			};
			name = Release;
		};
		2374F26A1DC83375008544A4 /* Debug */ = {
			isa = XCBuildConfiguration;
			buildSettings = {
				BUNDLE_LOADER = "$(TEST_HOST)";
				DEVELOPMENT_TEAM = HV5ET565XY;
				INFOPLIST_FILE = luluTests/Info.plist;
				LD_RUNPATH_SEARCH_PATHS = "$(inherited) @executable_path/Frameworks @loader_path/Frameworks";
				PRODUCT_BUNDLE_IDENTIFIER = "-21.luluTests";
				PRODUCT_NAME = "$(TARGET_NAME)";
				TEST_HOST = "$(BUILT_PRODUCTS_DIR)/lulu.app/lulu";
			};
			name = Debug;
		};
		2374F26B1DC83375008544A4 /* Release */ = {
			isa = XCBuildConfiguration;
			buildSettings = {
				BUNDLE_LOADER = "$(TEST_HOST)";
				DEVELOPMENT_TEAM = HV5ET565XY;
				INFOPLIST_FILE = luluTests/Info.plist;
				LD_RUNPATH_SEARCH_PATHS = "$(inherited) @executable_path/Frameworks @loader_path/Frameworks";
				PRODUCT_BUNDLE_IDENTIFIER = "-21.luluTests";
				PRODUCT_NAME = "$(TARGET_NAME)";
				TEST_HOST = "$(BUILT_PRODUCTS_DIR)/lulu.app/lulu";
			};
			name = Release;
		};
		2374F26D1DC83375008544A4 /* Debug */ = {
			isa = XCBuildConfiguration;
			buildSettings = {
				DEVELOPMENT_TEAM = HV5ET565XY;
				INFOPLIST_FILE = luluUITests/Info.plist;
				LD_RUNPATH_SEARCH_PATHS = "$(inherited) @executable_path/Frameworks @loader_path/Frameworks";
				PRODUCT_BUNDLE_IDENTIFIER = "-21.luluUITests";
				PRODUCT_NAME = "$(TARGET_NAME)";
				TEST_TARGET_NAME = lulu;
			};
			name = Debug;
		};
		2374F26E1DC83375008544A4 /* Release */ = {
			isa = XCBuildConfiguration;
			buildSettings = {
				DEVELOPMENT_TEAM = HV5ET565XY;
				INFOPLIST_FILE = luluUITests/Info.plist;
				LD_RUNPATH_SEARCH_PATHS = "$(inherited) @executable_path/Frameworks @loader_path/Frameworks";
				PRODUCT_BUNDLE_IDENTIFIER = "-21.luluUITests";
				PRODUCT_NAME = "$(TARGET_NAME)";
				TEST_TARGET_NAME = lulu;
			};
			name = Release;
		};
/* End XCBuildConfiguration section */

/* Begin XCConfigurationList section */
		2374F2341DC83374008544A4 /* Build configuration list for PBXProject "lulu" */ = {
			isa = XCConfigurationList;
			buildConfigurations = (
				2374F2641DC83375008544A4 /* Debug */,
				2374F2651DC83375008544A4 /* Release */,
			);
			defaultConfigurationIsVisible = 0;
			defaultConfigurationName = Release;
		};
		2374F2661DC83375008544A4 /* Build configuration list for PBXNativeTarget "lulu" */ = {
			isa = XCConfigurationList;
			buildConfigurations = (
				2374F2671DC83375008544A4 /* Debug */,
				2374F2681DC83375008544A4 /* Release */,
			);
			defaultConfigurationIsVisible = 0;
			defaultConfigurationName = Release;
		};
		2374F2691DC83375008544A4 /* Build configuration list for PBXNativeTarget "luluTests" */ = {
			isa = XCConfigurationList;
			buildConfigurations = (
				2374F26A1DC83375008544A4 /* Debug */,
				2374F26B1DC83375008544A4 /* Release */,
			);
			defaultConfigurationIsVisible = 0;
			defaultConfigurationName = Release;
		};
		2374F26C1DC83375008544A4 /* Build configuration list for PBXNativeTarget "luluUITests" */ = {
			isa = XCConfigurationList;
			buildConfigurations = (
				2374F26D1DC83375008544A4 /* Debug */,
				2374F26E1DC83375008544A4 /* Release */,
			);
			defaultConfigurationIsVisible = 0;
			defaultConfigurationName = Release;
		};
/* End XCConfigurationList section */
	};
	rootObject = 2374F2311DC83374008544A4 /* Project object */;
}
